{
  "name": "fp",
  "version": "1.0.0",
  "lockfileVersion": 1,
  "requires": true,
  "dependencies": {
    "@types/lodash": {
      "version": "4.14.149",
      "resolved": "https://registry.npm.taobao.org/@types/lodash/download/@types/lodash-4.14.149.tgz",
      "integrity": "sha1-E0LWPZSMYGKDj7+WEBL3TU5jhEA="
    },
    "@types/ramda": {
      "version": "0.26.39",
      "resolved": "https://registry.npm.taobao.org/@types/ramda/download/@types/ramda-0.26.39.tgz",
      "integrity": "sha1-uzks201DHPaISz7xG+9jXF0gJ08=",
      "requires": {
        "ts-toolbelt": "^4.12.0"
      }
    },
    "lodash": {
      "version": "4.17.19",
      "resolved": "https://registry.npmjs.org/lodash/-/lodash-4.17.19.tgz",
      "integrity": "sha512-JNvd8XER9GQX0v2qJgsaN/mzFCNA5BRe/j8JN9d+tWyGLSodKQHKFicdwNYzWwI3wjRnaKPsGj1XkBjx/F96DQ=="
    },
    "ramda": {
      "version": "0.26.1",
      "resolved": "https://registry.npm.taobao.org/ramda/download/ramda-0.26.1.tgz",
      "integrity": "sha1-jUE1HrgRHFU1Nhf8O7/62OTTXQY="
    },
    "ts-toolbelt": {
      "version": "4.14.6",
      "resolved": "https://registry.npm.taobao.org/ts-toolbelt/download/ts-toolbelt-4.14.6.tgz",
      "integrity": "sha1-miMvYidsru5PqegeDEv/oEfeB2U="
    }
  }
}
